
Microsoft Visual Studio Solution File, Format Version 12.00
# Visual Studio Version 16
VisualStudioVersion = 16.0.29806.167
MinimumVisualStudioVersion = 10.0.40219.1
Project("{2150E333-8FDC-42A3-9474-1A3956D46DE8}") = "Solution Items", "Solution Items", "{05345D2B-F6FB-494D-8CAC-C159A35685C9}"
	ProjectSection(SolutionItems) = preProject
		README.md = README.md
	EndProjectSection
EndProject
Project("{FAE04EC0-301F-11D3-BF4B-00C04F79EFBC}") = "ConsoleAppExample", "samples\ConsoleAppExample\ConsoleAppExample.csproj", "{350A3021-4BDA-451C-B709-0B7F2E3EF4DA}"
EndProject
Project("{9A19103F-16F7-4668-BE54-9A1E7A4F7556}") = "MiniProfilerContrib.Logging", "src\MiniProfilerContrib.Logging\MiniProfilerContrib.Logging.csproj", "{31F776E9-056F-4493-BB15-2FAEFEF2C535}"
EndProject
Project("{9A19103F-16F7-4668-BE54-9A1E7A4F7556}") = "MiniProfilerContrib.Logging.Tests", "test\MiniProfilerContrib.Logging.Tests\MiniProfilerContrib.Logging.Tests.csproj", "{CC6A8283-7811-4760-AD61-9E688A247B8D}"
EndProject
Global
	GlobalSection(SolutionConfigurationPlatforms) = preSolution
		Debug|Any CPU = Debug|Any CPU
		Release|Any CPU = Release|Any CPU
	EndGlobalSection
	GlobalSection(ProjectConfigurationPlatforms) = postSolution
		{350A3021-4BDA-451C-B709-0B7F2E3EF4DA}.Debug|Any CPU.ActiveCfg = Debug|Any CPU
		{350A3021-4BDA-451C-B709-0B7F2E3EF4DA}.Debug|Any CPU.Build.0 = Debug|Any CPU
		{350A3021-4BDA-451C-B709-0B7F2E3EF4DA}.Release|Any CPU.ActiveCfg = Release|Any CPU
		{350A3021-4BDA-451C-B709-0B7F2E3EF4DA}.Release|Any CPU.Build.0 = Release|Any CPU
		{31F776E9-056F-4493-BB15-2FAEFEF2C535}.Debug|Any CPU.ActiveCfg = Debug|Any CPU
		{31F776E9-056F-4493-BB15-2FAEFEF2C535}.Debug|Any CPU.Build.0 = Debug|Any CPU
		{31F776E9-056F-4493-BB15-2FAEFEF2C535}.Release|Any CPU.ActiveCfg = Release|Any CPU
		{31F776E9-056F-4493-BB15-2FAEFEF2C535}.Release|Any CPU.Build.0 = Release|Any CPU
		{CC6A8283-7811-4760-AD61-9E688A247B8D}.Debug|Any CPU.ActiveCfg = Debug|Any CPU
		{CC6A8283-7811-4760-AD61-9E688A247B8D}.Debug|Any CPU.Build.0 = Debug|Any CPU
		{CC6A8283-7811-4760-AD61-9E688A247B8D}.Release|Any CPU.ActiveCfg = Release|Any CPU
		{CC6A8283-7811-4760-AD61-9E688A247B8D}.Release|Any CPU.Build.0 = Release|Any CPU
	EndGlobalSection
	GlobalSection(SolutionProperties) = preSolution
		HideSolutionNode = FALSE
	EndGlobalSection
	GlobalSection(ExtensibilityGlobals) = postSolution
		SolutionGuid = {99A910EC-CC2A-44A3-A662-C10C62EB9819}
	EndGlobalSection
EndGlobal
